// !$*UTF8*$!
{
	archiveVersion = 1;
	classes = {
	};
	objectVersion = 56;
	objects = {

/* Begin PBXBuildFile section */
		9B8E55842A39F48B003871D8 /* AppDelegate.swift in Sources */ = {isa = PBXBuildFile; fileRef = 9B8E55832A39F48B003871D8 /* AppDelegate.swift */; };
		9B8E55862A39F48B003871D8 /* SceneDelegate.swift in Sources */ = {isa = PBXBuildFile; fileRef = 9B8E55852A39F48B003871D8 /* SceneDelegate.swift */; };
		9B8E55882A39F48B003871D8 /* ViewController.swift in Sources */ = {isa = PBXBuildFile; fileRef = 9B8E55872A39F48B003871D8 /* ViewController.swift */; };
		9B8E558B2A39F48B003871D8 /* Main.storyboard in Resources */ = {isa = PBXBuildFile; fileRef = 9B8E55892A39F48B003871D8 /* Main.storyboard */; };
		9B8E558D2A39F48E003871D8 /* Assets.xcassets in Resources */ = {isa = PBXBuildFile; fileRef = 9B8E558C2A39F48E003871D8 /* Assets.xcassets */; };
		9B8E55902A39F48E003871D8 /* LaunchScreen.storyboard in Resources */ = {isa = PBXBuildFile; fileRef = 9B8E558E2A39F48E003871D8 /* LaunchScreen.storyboard */; };
		9B8E559B2A39F48E003871D8 /* GitHub_Action_ExampleTests.swift in Sources */ = {isa = PBXBuildFile; fileRef = 9B8E559A2A39F48E003871D8 /* GitHub_Action_ExampleTests.swift */; };
		9B8E55A52A39F48E003871D8 /* GitHub_Action_ExampleUITests.swift in Sources */ = {isa = PBXBuildFile; fileRef = 9B8E55A42A39F48E003871D8 /* GitHub_Action_ExampleUITests.swift */; };
		9B8E55A72A39F48E003871D8 /* GitHub_Action_ExampleUITestsLaunchTests.swift in Sources */ = {isa = PBXBuildFile; fileRef = 9B8E55A62A39F48E003871D8 /* GitHub_Action_ExampleUITestsLaunchTests.swift */; };
/* End PBXBuildFile section */

/* Begin PBXContainerItemProxy section */
		9B8E55972A39F48E003871D8 /* PBXContainerItemProxy */ = {
			isa = PBXContainerItemProxy;
			containerPortal = 9B8E55782A39F48B003871D8 /* Project object */;
			proxyType = 1;
			remoteGlobalIDString = 9B8E557F2A39F48B003871D8;
			remoteInfo = GitHub_Action_Example;
		};
		9B8E55A12A39F48E003871D8 /* PBXContainerItemProxy */ = {
			isa = PBXContainerItemProxy;
			containerPortal = 9B8E55782A39F48B003871D8 /* Project object */;
			proxyType = 1;
			remoteGlobalIDString = 9B8E557F2A39F48B003871D8;
			remoteInfo = GitHub_Action_Example;
		};
/* End PBXContainerItemProxy section */

/* Begin PBXFileReference section */
		9B8E55802A39F48B003871D8 /* GitHub_Action_Example.app */ = {isa = PBXFileReference; explicitFileType = wrapper.application; includeInIndex = 0; path = GitHub_Action_Example.app; sourceTree = BUILT_PRODUCTS_DIR; };
		9B8E55832A39F48B003871D8 /* AppDelegate.swift */ = {isa = PBXFileReference; lastKnownFileType = sourcecode.swift; path = AppDelegate.swift; sourceTree = "<group>"; };
		9B8E55852A39F48B003871D8 /* SceneDelegate.swift */ = {isa = PBXFileReference; lastKnownFileType = sourcecode.swift; path = SceneDelegate.swift; sourceTree = "<group>"; };
		9B8E55872A39F48B003871D8 /* ViewController.swift */ = {isa = PBXFileReference; lastKnownFileType = sourcecode.swift; path = ViewController.swift; sourceTree = "<group>"; };
		9B8E558A2A39F48B003871D8 /* Base */ = {isa = PBXFileReference; lastKnownFileType = file.storyboard; name = Base; path = Base.lproj/Main.storyboard; sourceTree = "<group>"; };
		9B8E558C2A39F48E003871D8 /* Assets.xcassets */ = {isa = PBXFileReference; lastKnownFileType = folder.assetcatalog; path = Assets.xcassets; sourceTree = "<group>"; };
		9B8E558F2A39F48E003871D8 /* Base */ = {isa = PBXFileReference; lastKnownFileType = file.storyboard; name = Base; path = Base.lproj/LaunchScreen.storyboard; sourceTree = "<group>"; };
		9B8E55912A39F48E003871D8 /* Info.plist */ = {isa = PBXFileReference; lastKnownFileType = text.plist.xml; path = Info.plist; sourceTree = "<group>"; };
		9B8E55962A39F48E003871D8 /* GitHub_Action_ExampleTests.xctest */ = {isa = PBXFileReference; explicitFileType = wrapper.cfbundle; includeInIndex = 0; path = GitHub_Action_ExampleTests.xctest; sourceTree = BUILT_PRODUCTS_DIR; };
		9B8E559A2A39F48E003871D8 /* GitHub_Action_ExampleTests.swift */ = {isa = PBXFileReference; lastKnownFileType = sourcecode.swift; path = GitHub_Action_ExampleTests.swift; sourceTree = "<group>"; };
		9B8E55A02A39F48E003871D8 /* GitHub_Action_ExampleUITests.xctest */ = {isa = PBXFileReference; explicitFileType = wrapper.cfbundle; includeInIndex = 0; path = GitHub_Action_ExampleUITests.xctest; sourceTree = BUILT_PRODUCTS_DIR; };
		9B8E55A42A39F48E003871D8 /* GitHub_Action_ExampleUITests.swift */ = {isa = PBXFileReference; lastKnownFileType = sourcecode.swift; path = GitHub_Action_ExampleUITests.swift; sourceTree = "<group>"; };
		9B8E55A62A39F48E003871D8 /* GitHub_Action_ExampleUITestsLaunchTests.swift */ = {isa = PBXFileReference; lastKnownFileType = sourcecode.swift; path = GitHub_Action_ExampleUITestsLaunchTests.swift; sourceTree = "<group>"; };
/* End PBXFileReference section */

/* Begin PBXFrameworksBuildPhase section */
		9B8E557D2A39F48B003871D8 /* Frameworks */ = {
			isa = PBXFrameworksBuildPhase;
			buildActionMask = 2147483647;
			files = (
			);
			runOnlyForDeploymentPostprocessing = 0;
		};
		9B8E55932A39F48E003871D8 /* Frameworks */ = {
			isa = PBXFrameworksBuildPhase;
			buildActionMask = 2147483647;
			files = (
			);
			runOnlyForDeploymentPostprocessing = 0;
		};
		9B8E559D2A39F48E003871D8 /* Frameworks */ = {
			isa = PBXFrameworksBuildPhase;
			buildActionMask = 2147483647;
			files = (
			);
			runOnlyForDeploymentPostprocessing = 0;
		};
/* End PBXFrameworksBuildPhase section */

/* Begin PBXGroup section */
		9B8E55772A39F48B003871D8 = {
			isa = PBXGroup;
			children = (
				9B8E55822A39F48B003871D8 /* GitHub_Action_Example */,
				9B8E55992A39F48E003871D8 /* GitHub_Action_ExampleTests */,
				9B8E55A32A39F48E003871D8 /* GitHub_Action_ExampleUITests */,
				9B8E55812A39F48B003871D8 /* Products */,
			);
			sourceTree = "<group>";
		};
		9B8E55812A39F48B003871D8 /* Products */ = {
			isa = PBXGroup;
			children = (
				9B8E55802A39F48B003871D8 /* GitHub_Action_Example.app */,
				9B8E55962A39F48E003871D8 /* GitHub_Action_ExampleTests.xctest */,
				9B8E55A02A39F48E003871D8 /* GitHub_Action_ExampleUITests.xctest */,
			);
			name = Products;
			sourceTree = "<group>";
		};
		9B8E55822A39F48B003871D8 /* GitHub_Action_Example */ = {
			isa = PBXGroup;
			children = (
				9B8E55832A39F48B003871D8 /* AppDelegate.swift */,
				9B8E55852A39F48B003871D8 /* SceneDelegate.swift */,
				9B8E55872A39F48B003871D8 /* ViewController.swift */,
				9B8E55892A39F48B003871D8 /* Main.storyboard */,
				9B8E558C2A39F48E003871D8 /* Assets.xcassets */,
				9B8E558E2A39F48E003871D8 /* LaunchScreen.storyboard */,
				9B8E55912A39F48E003871D8 /* Info.plist */,
			);
			path = GitHub_Action_Example;
			sourceTree = "<group>";
		};
		9B8E55992A39F48E003871D8 /* GitHub_Action_ExampleTests */ = {
			isa = PBXGroup;
			children = (
				9B8E559A2A39F48E003871D8 /* GitHub_Action_ExampleTests.swift */,
			);
			path = GitHub_Action_ExampleTests;
			sourceTree = "<group>";
		};
		9B8E55A32A39F48E003871D8 /* GitHub_Action_ExampleUITests */ = {
			isa = PBXGroup;
			children = (
				9B8E55A42A39F48E003871D8 /* GitHub_Action_ExampleUITests.swift */,
				9B8E55A62A39F48E003871D8 /* GitHub_Action_ExampleUITestsLaunchTests.swift */,
			);
			path = GitHub_Action_ExampleUITests;
			sourceTree = "<group>";
		};
/* End PBXGroup section */

/* Begin PBXNativeTarget section */
		9B8E557F2A39F48B003871D8 /* GitHub_Action_Example */ = {
			isa = PBXNativeTarget;
			buildConfigurationList = 9B8E55AA2A39F48E003871D8 /* Build configuration list for PBXNativeTarget "GitHub_Action_Example" */;
			buildPhases = (
				9B8E557C2A39F48B003871D8 /* Sources */,
				9B8E557D2A39F48B003871D8 /* Frameworks */,
				9B8E557E2A39F48B003871D8 /* Resources */,
			);
			buildRules = (
			);
			dependencies = (
			);
			name = GitHub_Action_Example;
			productName = GitHub_Action_Example;
			productReference = 9B8E55802A39F48B003871D8 /* GitHub_Action_Example.app */;
			productType = "com.apple.product-type.application";
		};
		9B8E55952A39F48E003871D8 /* GitHub_Action_ExampleTests */ = {
			isa = PBXNativeTarget;
			buildConfigurationList = 9B8E55AD2A39F48E003871D8 /* Build configuration list for PBXNativeTarget "GitHub_Action_ExampleTests" */;
			buildPhases = (
				9B8E55922A39F48E003871D8 /* Sources */,
				9B8E55932A39F48E003871D8 /* Frameworks */,
				9B8E55942A39F48E003871D8 /* Resources */,
			);
			buildRules = (
			);
			dependencies = (
				9B8E55982A39F48E003871D8 /* PBXTargetDependency */,
			);
			name = GitHub_Action_ExampleTests;
			productName = GitHub_Action_ExampleTests;
			productReference = 9B8E55962A39F48E003871D8 /* GitHub_Action_ExampleTests.xctest */;
			productType = "com.apple.product-type.bundle.unit-test";
		};
		9B8E559F2A39F48E003871D8 /* GitHub_Action_ExampleUITests */ = {
			isa = PBXNativeTarget;
			buildConfigurationList = 9B8E55B02A39F48E003871D8 /* Build configuration list for PBXNativeTarget "GitHub_Action_ExampleUITests" */;
			buildPhases = (
				9B8E559C2A39F48E003871D8 /* Sources */,
				9B8E559D2A39F48E003871D8 /* Frameworks */,
				9B8E559E2A39F48E003871D8 /* Resources */,
			);
			buildRules = (
			);
			dependencies = (
				9B8E55A22A39F48E003871D8 /* PBXTargetDependency */,
			);
			name = GitHub_Action_ExampleUITests;
			productName = GitHub_Action_ExampleUITests;
			productReference = 9B8E55A02A39F48E003871D8 /* GitHub_Action_ExampleUITests.xctest */;
			productType = "com.apple.product-type.bundle.ui-testing";
		};
/* End PBXNativeTarget section */

/* Begin PBXProject section */
		9B8E55782A39F48B003871D8 /* Project object */ = {
			isa = PBXProject;
			attributes = {
				BuildIndependentTargetsInParallel = 1;
				LastSwiftUpdateCheck = 1410;
				LastUpgradeCheck = 1410;
				TargetAttributes = {
					9B8E557F2A39F48B003871D8 = {
						CreatedOnToolsVersion = 14.1;
					};
					9B8E55952A39F48E003871D8 = {
						CreatedOnToolsVersion = 14.1;
						TestTargetID = 9B8E557F2A39F48B003871D8;
					};
					9B8E559F2A39F48E003871D8 = {
						CreatedOnToolsVersion = 14.1;
						TestTargetID = 9B8E557F2A39F48B003871D8;
					};
				};
			};
			buildConfigurationList = 9B8E557B2A39F48B003871D8 /* Build configuration list for PBXProject "GitHub_Action_Example" */;
			compatibilityVersion = "Xcode 14.0";
			developmentRegion = en;
			hasScannedForEncodings = 0;
			knownRegions = (
				en,
				Base,
			);
			mainGroup = 9B8E55772A39F48B003871D8;
			productRefGroup = 9B8E55812A39F48B003871D8 /* Products */;
			projectDirPath = "";
			projectRoot = "";
			targets = (
				9B8E557F2A39F48B003871D8 /* GitHub_Action_Example */,
				9B8E55952A39F48E003871D8 /* GitHub_Action_ExampleTests */,
				9B8E559F2A39F48E003871D8 /* GitHub_Action_ExampleUITests */,
			);
		};
/* End PBXProject section */

/* Begin PBXResourcesBuildPhase section */
		9B8E557E2A39F48B003871D8 /* Resources */ = {
			isa = PBXResourcesBuildPhase;
			buildActionMask = 2147483647;
			files = (
				9B8E55902A39F48E003871D8 /* LaunchScreen.storyboard in Resources */,
				9B8E558D2A39F48E003871D8 /* Assets.xcassets in Resources */,
				9B8E558B2A39F48B003871D8 /* Main.storyboard in Resources */,
			);
			runOnlyForDeploymentPostprocessing = 0;
		};
		9B8E55942A39F48E003871D8 /* Resources */ = {
			isa = PBXResourcesBuildPhase;
			buildActionMask = 2147483647;
			files = (
			);
			runOnlyForDeploymentPostprocessing = 0;
		};
		9B8E559E2A39F48E003871D8 /* Resources */ = {
			isa = PBXResourcesBuildPhase;
			buildActionMask = 2147483647;
			files = (
			);
			runOnlyForDeploymentPostprocessing = 0;
		};
/* End PBXResourcesBuildPhase section */

/* Begin PBXSourcesBuildPhase section */
		9B8E557C2A39F48B003871D8 /* Sources */ = {
			isa = PBXSourcesBuildPhase;
			buildActionMask = 2147483647;
			files = (
				9B8E55882A39F48B003871D8 /* ViewController.swift in Sources */,
				9B8E55842A39F48B003871D8 /* AppDelegate.swift in Sources */,
				9B8E55862A39F48B003871D8 /* SceneDelegate.swift in Sources */,
			);
			runOnlyForDeploymentPostprocessing = 0;
		};
		9B8E55922A39F48E003871D8 /* Sources */ = {
			isa = PBXSourcesBuildPhase;
			buildActionMask = 2147483647;
			files = (
				9B8E559B2A39F48E003871D8 /* GitHub_Action_ExampleTests.swift in Sources */,
			);
			runOnlyForDeploymentPostprocessing = 0;
		};
		9B8E559C2A39F48E003871D8 /* Sources */ = {
			isa = PBXSourcesBuildPhase;
			buildActionMask = 2147483647;
			files = (
				9B8E55A72A39F48E003871D8 /* GitHub_Action_ExampleUITestsLaunchTests.swift in Sources */,
				9B8E55A52A39F48E003871D8 /* GitHub_Action_ExampleUITests.swift in Sources */,
			);
			runOnlyForDeploymentPostprocessing = 0;
		};
/* End PBXSourcesBuildPhase section */

/* Begin PBXTargetDependency section */
		9B8E55982A39F48E003871D8 /* PBXTargetDependency */ = {
			isa = PBXTargetDependency;
			target = 9B8E557F2A39F48B003871D8 /* GitHub_Action_Example */;
			targetProxy = 9B8E55972A39F48E003871D8 /* PBXContainerItemProxy */;
		};
		9B8E55A22A39F48E003871D8 /* PBXTargetDependency */ = {
			isa = PBXTargetDependency;
			target = 9B8E557F2A39F48B003871D8 /* GitHub_Action_Example */;
			targetProxy = 9B8E55A12A39F48E003871D8 /* PBXContainerItemProxy */;
		};
/* End PBXTargetDependency section */

/* Begin PBXVariantGroup section */
		9B8E55892A39F48B003871D8 /* Main.storyboard */ = {
			isa = PBXVariantGroup;
			children = (
				9B8E558A2A39F48B003871D8 /* Base */,
			);
			name = Main.storyboard;
			sourceTree = "<group>";
		};
		9B8E558E2A39F48E003871D8 /* LaunchScreen.storyboard */ = {
			isa = PBXVariantGroup;
			children = (
				9B8E558F2A39F48E003871D8 /* Base */,
			);
			name = LaunchScreen.storyboard;
			sourceTree = "<group>";
		};
/* End PBXVariantGroup section */

/* Begin XCBuildConfiguration section */
		9B8E55A82A39F48E003871D8 /* Debug */ = {
			isa = XCBuildConfiguration;
			buildSettings = {
				ALWAYS_SEARCH_USER_PATHS = NO;
				CLANG_ANALYZER_NONNULL = YES;
				CLANG_ANALYZER_NUMBER_OBJECT_CONVERSION = YES_AGGRESSIVE;
				CLANG_CXX_LANGUAGE_STANDARD = "gnu++20";
				CLANG_ENABLE_MODULES = YES;
				CLANG_ENABLE_OBJC_ARC = YES;
				CLANG_ENABLE_OBJC_WEAK = YES;
				CLANG_WARN_BLOCK_CAPTURE_AUTORELEASING = YES;
				CLANG_WARN_BOOL_CONVERSION = YES;
				CLANG_WARN_COMMA = YES;
				CLANG_WARN_CONSTANT_CONVERSION = YES;
				CLANG_WARN_DEPRECATED_OBJC_IMPLEMENTATIONS = YES;
				CLANG_WARN_DIRECT_OBJC_ISA_USAGE = YES_ERROR;
				CLANG_WARN_DOCUMENTATION_COMMENTS = YES;
				CLANG_WARN_EMPTY_BODY = YES;
				CLANG_WARN_ENUM_CONVERSION = YES;
				CLANG_WARN_INFINITE_RECURSION = YES;
				CLANG_WARN_INT_CONVERSION = YES;
				CLANG_WARN_NON_LITERAL_NULL_CONVERSION = YES;
				CLANG_WARN_OBJC_IMPLICIT_RETAIN_SELF = YES;
				CLANG_WARN_OBJC_LITERAL_CONVERSION = YES;
				CLANG_WARN_OBJC_ROOT_CLASS = YES_ERROR;
				CLANG_WARN_QUOTED_INCLUDE_IN_FRAMEWORK_HEADER = YES;
				CLANG_WARN_RANGE_LOOP_ANALYSIS = YES;
				CLANG_WARN_STRICT_PROTOTYPES = YES;
				CLANG_WARN_SUSPICIOUS_MOVE = YES;
				CLANG_WARN_UNGUARDED_AVAILABILITY = YES_AGGRESSIVE;
				CLANG_WARN_UNREACHABLE_CODE = YES;
				CLANG_WARN__DUPLICATE_METHOD_MATCH = YES;
				COPY_PHASE_STRIP = NO;
				DEBUG_INFORMATION_FORMAT = dwarf;
				ENABLE_STRICT_OBJC_MSGSEND = YES;
				ENABLE_TESTABILITY = YES;
				GCC_C_LANGUAGE_STANDARD = gnu11;
				GCC_DYNAMIC_NO_PIC = NO;
				GCC_NO_COMMON_BLOCKS = YES;
				GCC_OPTIMIZATION_LEVEL = 0;
				GCC_PREPROCESSOR_DEFINITIONS = (
					"DEBUG=1",
					"$(inherited)",
				);
				GCC_WARN_64_TO_32_BIT_CONVERSION = YES;
				GCC_WARN_ABOUT_RETURN_TYPE = YES_ERROR;
				GCC_WARN_UNDECLARED_SELECTOR = YES;
				GCC_WARN_UNINITIALIZED_AUTOS = YES_AGGRESSIVE;
				GCC_WARN_UNUSED_FUNCTION = YES;
				GCC_WARN_UNUSED_VARIABLE = YES;
				IPHONEOS_DEPLOYMENT_TARGET = 16.1;
				MTL_ENABLE_DEBUG_INFO = INCLUDE_SOURCE;
				MTL_FAST_MATH = YES;
				ONLY_ACTIVE_ARCH = YES;
				SDKROOT = iphoneos;
				SWIFT_ACTIVE_COMPILATION_CONDITIONS = DEBUG;
				SWIFT_OPTIMIZATION_LEVEL = "-Onone";
			};
			name = Debug;
		};
		9B8E55A92A39F48E003871D8 /* Release */ = {
			isa = XCBuildConfiguration;
			buildSettings = {
				ALWAYS_SEARCH_USER_PATHS = NO;
				CLANG_ANALYZER_NONNULL = YES;
				CLANG_ANALYZER_NUMBER_OBJECT_CONVERSION = YES_AGGRESSIVE;
				CLANG_CXX_LANGUAGE_STANDARD = "gnu++20";
				CLANG_ENABLE_MODULES = YES;
				CLANG_ENABLE_OBJC_ARC = YES;
				CLANG_ENABLE_OBJC_WEAK = YES;
				CLANG_WARN_BLOCK_CAPTURE_AUTORELEASING = YES;
				CLANG_WARN_BOOL_CONVERSION = YES;
				CLANG_WARN_COMMA = YES;
				CLANG_WARN_CONSTANT_CONVERSION = YES;
				CLANG_WARN_DEPRECATED_OBJC_IMPLEMENTATIONS = YES;
				CLANG_WARN_DIRECT_OBJC_ISA_USAGE = YES_ERROR;
				CLANG_WARN_DOCUMENTATION_COMMENTS = YES;
				CLANG_WARN_EMPTY_BODY = YES;
				CLANG_WARN_ENUM_CONVERSION = YES;
				CLANG_WARN_INFINITE_RECURSION = YES;
				CLANG_WARN_INT_CONVERSION = YES;
				CLANG_WARN_NON_LITERAL_NULL_CONVERSION = YES;
				CLANG_WARN_OBJC_IMPLICIT_RETAIN_SELF = YES;
				CLANG_WARN_OBJC_LITERAL_CONVERSION = YES;
				CLANG_WARN_OBJC_ROOT_CLASS = YES_ERROR;
				CLANG_WARN_QUOTED_INCLUDE_IN_FRAMEWORK_HEADER = YES;
				CLANG_WARN_RANGE_LOOP_ANALYSIS = YES;
				CLANG_WARN_STRICT_PROTOTYPES = YES;
				CLANG_WARN_SUSPICIOUS_MOVE = YES;
				CLANG_WARN_UNGUARDED_AVAILABILITY = YES_AGGRESSIVE;
				CLANG_WARN_UNREACHABLE_CODE = YES;
				CLANG_WARN__DUPLICATE_METHOD_MATCH = YES;
				COPY_PHASE_STRIP = NO;
				DEBUG_INFORMATION_FORMAT = "dwarf-with-dsym";
				ENABLE_NS_ASSERTIONS = NO;
				ENABLE_STRICT_OBJC_MSGSEND = YES;
				GCC_C_LANGUAGE_STANDARD = gnu11;
				GCC_NO_COMMON_BLOCKS = YES;
				GCC_WARN_64_TO_32_BIT_CONVERSION = YES;
				GCC_WARN_ABOUT_RETURN_TYPE = YES_ERROR;
				GCC_WARN_UNDECLARED_SELECTOR = YES;
				GCC_WARN_UNINITIALIZED_AUTOS = YES_AGGRESSIVE;
				GCC_WARN_UNUSED_FUNCTION = YES;
				GCC_WARN_UNUSED_VARIABLE = YES;
				IPHONEOS_DEPLOYMENT_TARGET = 16.1;
				MTL_ENABLE_DEBUG_INFO = NO;
				MTL_FAST_MATH = YES;
				SDKROOT = iphoneos;
				SWIFT_COMPILATION_MODE = wholemodule;
				SWIFT_OPTIMIZATION_LEVEL = "-O";
				VALIDATE_PRODUCT = YES;
			};
			name = Release;
		};
		9B8E55AB2A39F48E003871D8 /* Debug */ = {
			isa = XCBuildConfiguration;
			buildSettings = {
				ASSETCATALOG_COMPILER_APPICON_NAME = AppIcon;
				ASSETCATALOG_COMPILER_GLOBAL_ACCENT_COLOR_NAME = AccentColor;
				CODE_SIGN_STYLE = Automatic;
				CURRENT_PROJECT_VERSION = 1;
				DEVELOPMENT_TEAM = 577SG3C42S;
				GENERATE_INFOPLIST_FILE = YES;
				INFOPLIST_FILE = GitHub_Action_Example/Info.plist;
				INFOPLIST_KEY_UIApplicationSupportsIndirectInputEvents = YES;
				INFOPLIST_KEY_UILaunchStoryboardName = LaunchScreen;
				INFOPLIST_KEY_UIMainStoryboardFile = Main;
				INFOPLIST_KEY_UISupportedInterfaceOrientations_iPad = "UIInterfaceOrientationPortrait UIInterfaceOrientationPortraitUpsideDown UIInterfaceOrientationLandscapeLeft UIInterfaceOrientationLandscapeRight";
				INFOPLIST_KEY_UISupportedInterfaceOrientations_iPhone = "UIInterfaceOrientationPortrait UIInterfaceOrientationLandscapeLeft UIInterfaceOrientationLandscapeRight";
				LD_RUNPATH_SEARCH_PATHS = (
					"$(inherited)",
					"@executable_path/Frameworks",
				);
				MARKETING_VERSION = 1.0;
				PRODUCT_BUNDLE_IDENTIFIER = "soyoung.GitHub-Action-Example";
				PRODUCT_NAME = "$(TARGET_NAME)";
				SWIFT_EMIT_LOC_STRINGS = YES;
				SWIFT_VERSION = 5.0;
				TARGETED_DEVICE_FAMILY = "1,2";
			};
			name = Debug;
		};
		9B8E55AC2A39F48E003871D8 /* Release */ = {
			isa = XCBuildConfiguration;
			buildSettings = {
				ASSETCATALOG_COMPILER_APPICON_NAME = AppIcon;
				ASSETCATALOG_COMPILER_GLOBAL_ACCENT_COLOR_NAME = AccentColor;
				CODE_SIGN_STYLE = Automatic;
				CURRENT_PROJECT_VERSION = 1;
				DEVELOPMENT_TEAM = 577SG3C42S;
				GENERATE_INFOPLIST_FILE = YES;
				INFOPLIST_FILE = GitHub_Action_Example/Info.plist;
				INFOPLIST_KEY_UIApplicationSupportsIndirectInputEvents = YES;
				INFOPLIST_KEY_UILaunchStoryboardName = LaunchScreen;
				INFOPLIST_KEY_UIMainStoryboardFile = Main;
				INFOPLIST_KEY_UISupportedInterfaceOrientations_iPad = "UIInterfaceOrientationPortrait UIInterfaceOrientationPortraitUpsideDown UIInterfaceOrientationLandscapeLeft UIInterfaceOrientationLandscapeRight";
				INFOPLIST_KEY_UISupportedInterfaceOrientations_iPhone = "UIInterfaceOrientationPortrait UIInterfaceOrientationLandscapeLeft UIInterfaceOrientationLandscapeRight";
				LD_RUNPATH_SEARCH_PATHS = (
					"$(inherited)",
					"@executable_path/Frameworks",
				);
				MARKETING_VERSION = 1.0;
				PRODUCT_BUNDLE_IDENTIFIER = "soyoung.GitHub-Action-Example";
				PRODUCT_NAME = "$(TARGET_NAME)";
				SWIFT_EMIT_LOC_STRINGS = YES;
				SWIFT_VERSION = 5.0;
				TARGETED_DEVICE_FAMILY = "1,2";
			};
			name = Release;
		};
		9B8E55AE2A39F48E003871D8 /* Debug */ = {
			isa = XCBuildConfiguration;
			buildSettings = {
				ALWAYS_EMBED_SWIFT_STANDARD_LIBRARIES = YES;
				BUNDLE_LOADER = "$(TEST_HOST)";
				CODE_SIGN_STYLE = Automatic;
				CURRENT_PROJECT_VERSION = 1;
				DEVELOPMENT_TEAM = 577SG3C42S;
				GENERATE_INFOPLIST_FILE = YES;
				IPHONEOS_DEPLOYMENT_TARGET = 16.1;
				MARKETING_VERSION = 1.0;
				PRODUCT_BUNDLE_IDENTIFIER = "soyoung.GitHub-Action-ExampleTests";
				PRODUCT_NAME = "$(TARGET_NAME)";
				SWIFT_EMIT_LOC_STRINGS = NO;
				SWIFT_VERSION = 5.0;
				TARGETED_DEVICE_FAMILY = "1,2";
				TEST_HOST = "$(BUILT_PRODUCTS_DIR)/GitHub_Action_Example.app/$(BUNDLE_EXECUTABLE_FOLDER_PATH)/GitHub_Action_Example";
			};
			name = Debug;
		};
		9B8E55AF2A39F48E003871D8 /* Release */ = {
			isa = XCBuildConfiguration;
			buildSettings = {
				ALWAYS_EMBED_SWIFT_STANDARD_LIBRARIES = YES;
				BUNDLE_LOADER = "$(TEST_HOST)";
				CODE_SIGN_STYLE = Automatic;
				CURRENT_PROJECT_VERSION = 1;
				DEVELOPMENT_TEAM = 577SG3C42S;
				GENERATE_INFOPLIST_FILE = YES;
				IPHONEOS_DEPLOYMENT_TARGET = 16.1;
				MARKETING_VERSION = 1.0;
				PRODUCT_BUNDLE_IDENTIFIER = "soyoung.GitHub-Action-ExampleTests";
				PRODUCT_NAME = "$(TARGET_NAME)";
				SWIFT_EMIT_LOC_STRINGS = NO;
				SWIFT_VERSION = 5.0;
				TARGETED_DEVICE_FAMILY = "1,2";
				TEST_HOST = "$(BUILT_PRODUCTS_DIR)/GitHub_Action_Example.app/$(BUNDLE_EXECUTABLE_FOLDER_PATH)/GitHub_Action_Example";
			};
			name = Release;
		};
		9B8E55B12A39F48E003871D8 /* Debug */ = {
			isa = XCBuildConfiguration;
			buildSettings = {
				ALWAYS_EMBED_SWIFT_STANDARD_LIBRARIES = YES;
				CODE_SIGN_STYLE = Automatic;
				CURRENT_PROJECT_VERSION = 1;
				DEVELOPMENT_TEAM = 577SG3C42S;
				GENERATE_INFOPLIST_FILE = YES;
				MARKETING_VERSION = 1.0;
				PRODUCT_BUNDLE_IDENTIFIER = "soyoung.GitHub-Action-ExampleUITests";
				PRODUCT_NAME = "$(TARGET_NAME)";
				SWIFT_EMIT_LOC_STRINGS = NO;
				SWIFT_VERSION = 5.0;
				TARGETED_DEVICE_FAMILY = "1,2";
				TEST_TARGET_NAME = GitHub_Action_Example;
			};
			name = Debug;
		};
		9B8E55B22A39F48E003871D8 /* Release */ = {
			isa = XCBuildConfiguration;
			buildSettings = {
				ALWAYS_EMBED_SWIFT_STANDARD_LIBRARIES = YES;
				CODE_SIGN_STYLE = Automatic;
				CURRENT_PROJECT_VERSION = 1;
				DEVELOPMENT_TEAM = 577SG3C42S;
				GENERATE_INFOPLIST_FILE = YES;
				MARKETING_VERSION = 1.0;
				PRODUCT_BUNDLE_IDENTIFIER = "soyoung.GitHub-Action-ExampleUITests";
				PRODUCT_NAME = "$(TARGET_NAME)";
				SWIFT_EMIT_LOC_STRINGS = NO;
				SWIFT_VERSION = 5.0;
				TARGETED_DEVICE_FAMILY = "1,2";
				TEST_TARGET_NAME = GitHub_Action_Example;
			};
			name = Release;
		};
/* End XCBuildConfiguration section */

/* Begin XCConfigurationList section */
		9B8E557B2A39F48B003871D8 /* Build configuration list for PBXProject "GitHub_Action_Example" */ = {
			isa = XCConfigurationList;
			buildConfigurations = (
				9B8E55A82A39F48E003871D8 /* Debug */,
				9B8E55A92A39F48E003871D8 /* Release */,
			);
			defaultConfigurationIsVisible = 0;
			defaultConfigurationName = Release;
		};
		9B8E55AA2A39F48E003871D8 /* Build configuration list for PBXNativeTarget "GitHub_Action_Example" */ = {
			isa = XCConfigurationList;
			buildConfigurations = (
				9B8E55AB2A39F48E003871D8 /* Debug */,
				9B8E55AC2A39F48E003871D8 /* Release */,
			);
			defaultConfigurationIsVisible = 0;
			defaultConfigurationName = Release;
		};
		9B8E55AD2A39F48E003871D8 /* Build configuration list for PBXNativeTarget "GitHub_Action_ExampleTests" */ = {
			isa = XCConfigurationList;
			buildConfigurations = (
				9B8E55AE2A39F48E003871D8 /* Debug */,
				9B8E55AF2A39F48E003871D8 /* Release */,
			);
			defaultConfigurationIsVisible = 0;
			defaultConfigurationName = Release;
		};
		9B8E55B02A39F48E003871D8 /* Build configuration list for PBXNativeTarget "GitHub_Action_ExampleUITests" */ = {
			isa = XCConfigurationList;
			buildConfigurations = (
				9B8E55B12A39F48E003871D8 /* Debug */,
				9B8E55B22A39F48E003871D8 /* Release */,
			);
			defaultConfigurationIsVisible = 0;
			defaultConfigurationName = Release;
		};
/* End XCConfigurationList section */
	};
	rootObject = 9B8E55782A39F48B003871D8 /* Project object */;
}
